// !$*UTF8*$!
{
	archiveVersion = 1;
	classes = {
	};
	objectVersion = 56;
	objects = {

/* Begin PBXBuildFile section */
		1070545AA25DAF79269B79E8 /* Pods_Unsplash_with_storyboard_tutorial.framework in Frameworks */ = {isa = PBXBuildFile; fileRef = 616C59F313A91770ED743EC8 /* Pods_Unsplash_with_storyboard_tutorial.framework */; };
		F002446529AC8BFF0055B580 /* AppDelegate.swift in Sources */ = {isa = PBXBuildFile; fileRef = F002446429AC8BFF0055B580 /* AppDelegate.swift */; };
		F002446729AC8BFF0055B580 /* SceneDelegate.swift in Sources */ = {isa = PBXBuildFile; fileRef = F002446629AC8BFF0055B580 /* SceneDelegate.swift */; };
		F002446929AC8BFF0055B580 /* HomeVC.swift in Sources */ = {isa = PBXBuildFile; fileRef = F002446829AC8BFF0055B580 /* HomeVC.swift */; };
		F002446C29AC8BFF0055B580 /* Main.storyboard in Resources */ = {isa = PBXBuildFile; fileRef = F002446A29AC8BFF0055B580 /* Main.storyboard */; };
		F002446E29AC8C010055B580 /* Assets.xcassets in Resources */ = {isa = PBXBuildFile; fileRef = F002446D29AC8C010055B580 /* Assets.xcassets */; };
		F002447129AC8C010055B580 /* LaunchScreen.storyboard in Resources */ = {isa = PBXBuildFile; fileRef = F002446F29AC8C010055B580 /* LaunchScreen.storyboard */; };
		F002447929AC8E620055B580 /* UserListVC.swift in Sources */ = {isa = PBXBuildFile; fileRef = F002447829AC8E620055B580 /* UserListVC.swift */; };
		F002447B29AC8EA00055B580 /* PhotoCollectionVC.swift in Sources */ = {isa = PBXBuildFile; fileRef = F002447A29AC8EA00055B580 /* PhotoCollectionVC.swift */; };
		F002447F29B09D680055B580 /* Constants.swift in Sources */ = {isa = PBXBuildFile; fileRef = F002447E29B09D680055B580 /* Constants.swift */; };
		F002448129B09EA70055B580 /* BaseVC.swift in Sources */ = {isa = PBXBuildFile; fileRef = F002448029B09EA70055B580 /* BaseVC.swift */; };
/* End PBXBuildFile section */

/* Begin PBXFileReference section */
		59DABD9554E04B96FF6C513C /* Pods-Unsplash_with_storyboard_tutorial.debug.xcconfig */ = {isa = PBXFileReference; includeInIndex = 1; lastKnownFileType = text.xcconfig; name = "Pods-Unsplash_with_storyboard_tutorial.debug.xcconfig"; path = "Target Support Files/Pods-Unsplash_with_storyboard_tutorial/Pods-Unsplash_with_storyboard_tutorial.debug.xcconfig"; sourceTree = "<group>"; };
		616C59F313A91770ED743EC8 /* Pods_Unsplash_with_storyboard_tutorial.framework */ = {isa = PBXFileReference; explicitFileType = wrapper.framework; includeInIndex = 0; path = Pods_Unsplash_with_storyboard_tutorial.framework; sourceTree = BUILT_PRODUCTS_DIR; };
		E8840F343682446EE6A67107 /* Pods-Unsplash_with_storyboard_tutorial.release.xcconfig */ = {isa = PBXFileReference; includeInIndex = 1; lastKnownFileType = text.xcconfig; name = "Pods-Unsplash_with_storyboard_tutorial.release.xcconfig"; path = "Target Support Files/Pods-Unsplash_with_storyboard_tutorial/Pods-Unsplash_with_storyboard_tutorial.release.xcconfig"; sourceTree = "<group>"; };
		F002446129AC8BFF0055B580 /* Unsplash_with_storyboard_tutorial.app */ = {isa = PBXFileReference; explicitFileType = wrapper.application; includeInIndex = 0; path = Unsplash_with_storyboard_tutorial.app; sourceTree = BUILT_PRODUCTS_DIR; };
		F002446429AC8BFF0055B580 /* AppDelegate.swift */ = {isa = PBXFileReference; lastKnownFileType = sourcecode.swift; path = AppDelegate.swift; sourceTree = "<group>"; };
		F002446629AC8BFF0055B580 /* SceneDelegate.swift */ = {isa = PBXFileReference; lastKnownFileType = sourcecode.swift; path = SceneDelegate.swift; sourceTree = "<group>"; };
		F002446829AC8BFF0055B580 /* HomeVC.swift */ = {isa = PBXFileReference; lastKnownFileType = sourcecode.swift; path = HomeVC.swift; sourceTree = "<group>"; };
		F002446B29AC8BFF0055B580 /* Base */ = {isa = PBXFileReference; lastKnownFileType = file.storyboard; name = Base; path = Base.lproj/Main.storyboard; sourceTree = "<group>"; };
		F002446D29AC8C010055B580 /* Assets.xcassets */ = {isa = PBXFileReference; lastKnownFileType = folder.assetcatalog; path = Assets.xcassets; sourceTree = "<group>"; };
		F002447029AC8C010055B580 /* Base */ = {isa = PBXFileReference; lastKnownFileType = file.storyboard; name = Base; path = Base.lproj/LaunchScreen.storyboard; sourceTree = "<group>"; };
		F002447229AC8C010055B580 /* Info.plist */ = {isa = PBXFileReference; lastKnownFileType = text.plist.xml; path = Info.plist; sourceTree = "<group>"; };
		F002447829AC8E620055B580 /* UserListVC.swift */ = {isa = PBXFileReference; lastKnownFileType = sourcecode.swift; path = UserListVC.swift; sourceTree = "<group>"; };
		F002447A29AC8EA00055B580 /* PhotoCollectionVC.swift */ = {isa = PBXFileReference; lastKnownFileType = sourcecode.swift; path = PhotoCollectionVC.swift; sourceTree = "<group>"; };
		F002447E29B09D680055B580 /* Constants.swift */ = {isa = PBXFileReference; lastKnownFileType = sourcecode.swift; path = Constants.swift; sourceTree = "<group>"; };
		F002448029B09EA70055B580 /* BaseVC.swift */ = {isa = PBXFileReference; lastKnownFileType = sourcecode.swift; path = BaseVC.swift; sourceTree = "<group>"; };
/* End PBXFileReference section */

/* Begin PBXFrameworksBuildPhase section */
		F002445E29AC8BFF0055B580 /* Frameworks */ = {
			isa = PBXFrameworksBuildPhase;
			buildActionMask = 2147483647;
			files = (
				1070545AA25DAF79269B79E8 /* Pods_Unsplash_with_storyboard_tutorial.framework in Frameworks */,
			);
			runOnlyForDeploymentPostprocessing = 0;
		};
/* End PBXFrameworksBuildPhase section */

/* Begin PBXGroup section */
		26CF5D2BF013D5379F597452 /* Frameworks */ = {
			isa = PBXGroup;
			children = (
				616C59F313A91770ED743EC8 /* Pods_Unsplash_with_storyboard_tutorial.framework */,
			);
			name = Frameworks;
			sourceTree = "<group>";
		};
		59BB3EE5AB07D0AB52DADCAC /* Pods */ = {
			isa = PBXGroup;
			children = (
				59DABD9554E04B96FF6C513C /* Pods-Unsplash_with_storyboard_tutorial.debug.xcconfig */,
				E8840F343682446EE6A67107 /* Pods-Unsplash_with_storyboard_tutorial.release.xcconfig */,
			);
			path = Pods;
			sourceTree = "<group>";
		};
		F002445829AC8BFF0055B580 = {
			isa = PBXGroup;
			children = (
				F002447D29B09D460055B580 /* Utils */,
				F002446329AC8BFF0055B580 /* Unsplash_with_storyboard_tutorial */,
				F002446229AC8BFF0055B580 /* Products */,
				59BB3EE5AB07D0AB52DADCAC /* Pods */,
				26CF5D2BF013D5379F597452 /* Frameworks */,
			);
			sourceTree = "<group>";
		};
		F002446229AC8BFF0055B580 /* Products */ = {
			isa = PBXGroup;
			children = (
				F002446129AC8BFF0055B580 /* Unsplash_with_storyboard_tutorial.app */,
			);
			name = Products;
			sourceTree = "<group>";
		};
		F002446329AC8BFF0055B580 /* Unsplash_with_storyboard_tutorial */ = {
			isa = PBXGroup;
			children = (
				F002447C29ACA18B0055B580 /* ViewControllers */,
				F002446429AC8BFF0055B580 /* AppDelegate.swift */,
				F002446629AC8BFF0055B580 /* SceneDelegate.swift */,
				F002446A29AC8BFF0055B580 /* Main.storyboard */,
				F002446D29AC8C010055B580 /* Assets.xcassets */,
				F002446F29AC8C010055B580 /* LaunchScreen.storyboard */,
				F002447229AC8C010055B580 /* Info.plist */,
			);
			path = Unsplash_with_storyboard_tutorial;
			sourceTree = "<group>";
		};
		F002447C29ACA18B0055B580 /* ViewControllers */ = {
			isa = PBXGroup;
			children = (
				F002446829AC8BFF0055B580 /* HomeVC.swift */,
				F002447829AC8E620055B580 /* UserListVC.swift */,
				F002447A29AC8EA00055B580 /* PhotoCollectionVC.swift */,
				F002448029B09EA70055B580 /* BaseVC.swift */,
			);
			path = ViewControllers;
			sourceTree = "<group>";
		};
		F002447D29B09D460055B580 /* Utils */ = {
			isa = PBXGroup;
			children = (
				F002447E29B09D680055B580 /* Constants.swift */,
			);
			path = Utils;
			sourceTree = "<group>";
		};
/* End PBXGroup section */

/* Begin PBXNativeTarget section */
		F002446029AC8BFF0055B580 /* Unsplash_with_storyboard_tutorial */ = {
			isa = PBXNativeTarget;
			buildConfigurationList = F002447529AC8C010055B580 /* Build configuration list for PBXNativeTarget "Unsplash_with_storyboard_tutorial" */;
			buildPhases = (
				BCA6D0AC95E433E57F6F5F07 /* [CP] Check Pods Manifest.lock */,
				F002445D29AC8BFF0055B580 /* Sources */,
				F002445E29AC8BFF0055B580 /* Frameworks */,
				F002445F29AC8BFF0055B580 /* Resources */,
				CBD4C1F3A935C359D58E7660 /* [CP] Embed Pods Frameworks */,
			);
			buildRules = (
			);
			dependencies = (
			);
			name = Unsplash_with_storyboard_tutorial;
			productName = Unsplash_with_storyboard_tutorial;
			productReference = F002446129AC8BFF0055B580 /* Unsplash_with_storyboard_tutorial.app */;
			productType = "com.apple.product-type.application";
		};
/* End PBXNativeTarget section */

/* Begin PBXProject section */
		F002445929AC8BFF0055B580 /* Project object */ = {
			isa = PBXProject;
			attributes = {
				BuildIndependentTargetsInParallel = 1;
				LastSwiftUpdateCheck = 1420;
				LastUpgradeCheck = 1420;
				TargetAttributes = {
					F002446029AC8BFF0055B580 = {
						CreatedOnToolsVersion = 14.2;
					};
				};
			};
			buildConfigurationList = F002445C29AC8BFF0055B580 /* Build configuration list for PBXProject "Unsplash_with_storyboard_tutorial" */;
			compatibilityVersion = "Xcode 14.0";
			developmentRegion = en;
			hasScannedForEncodings = 0;
			knownRegions = (
				en,
				Base,
			);
			mainGroup = F002445829AC8BFF0055B580;
			productRefGroup = F002446229AC8BFF0055B580 /* Products */;
			projectDirPath = "";
			projectRoot = "";
			targets = (
				F002446029AC8BFF0055B580 /* Unsplash_with_storyboard_tutorial */,
			);
		};
/* End PBXProject section */

/* Begin PBXResourcesBuildPhase section */
		F002445F29AC8BFF0055B580 /* Resources */ = {
			isa = PBXResourcesBuildPhase;
			buildActionMask = 2147483647;
			files = (
				F002447129AC8C010055B580 /* LaunchScreen.storyboard in Resources */,
				F002446E29AC8C010055B580 /* Assets.xcassets in Resources */,
				F002446C29AC8BFF0055B580 /* Main.storyboard in Resources */,
			);
			runOnlyForDeploymentPostprocessing = 0;
		};
/* End PBXResourcesBuildPhase section */

/* Begin PBXShellScriptBuildPhase section */
		BCA6D0AC95E433E57F6F5F07 /* [CP] Check Pods Manifest.lock */ = {
			isa = PBXShellScriptBuildPhase;
			buildActionMask = 2147483647;
			files = (
			);
			inputFileListPaths = (
			);
			inputPaths = (
				"${PODS_PODFILE_DIR_PATH}/Podfile.lock",
				"${PODS_ROOT}/Manifest.lock",
			);
			name = "[CP] Check Pods Manifest.lock";
			outputFileListPaths = (
			);
			outputPaths = (
				"$(DERIVED_FILE_DIR)/Pods-Unsplash_with_storyboard_tutorial-checkManifestLockResult.txt",
			);
			runOnlyForDeploymentPostprocessing = 0;
			shellPath = /bin/sh;
			shellScript = "diff \"${PODS_PODFILE_DIR_PATH}/Podfile.lock\" \"${PODS_ROOT}/Manifest.lock\" > /dev/null\nif [ $? != 0 ] ; then\n    # print error to STDERR\n    echo \"error: The sandbox is not in sync with the Podfile.lock. Run 'pod install' or update your CocoaPods installation.\" >&2\n    exit 1\nfi\n# This output is used by Xcode 'outputs' to avoid re-running this script phase.\necho \"SUCCESS\" > \"${SCRIPT_OUTPUT_FILE_0}\"\n";
			showEnvVarsInLog = 0;
		};
		CBD4C1F3A935C359D58E7660 /* [CP] Embed Pods Frameworks */ = {
			isa = PBXShellScriptBuildPhase;
			buildActionMask = 2147483647;
			files = (
			);
			inputFileListPaths = (
				"${PODS_ROOT}/Target Support Files/Pods-Unsplash_with_storyboard_tutorial/Pods-Unsplash_with_storyboard_tutorial-frameworks-${CONFIGURATION}-input-files.xcfilelist",
			);
			name = "[CP] Embed Pods Frameworks";
			outputFileListPaths = (
				"${PODS_ROOT}/Target Support Files/Pods-Unsplash_with_storyboard_tutorial/Pods-Unsplash_with_storyboard_tutorial-frameworks-${CONFIGURATION}-output-files.xcfilelist",
			);
			runOnlyForDeploymentPostprocessing = 0;
			shellPath = /bin/sh;
			shellScript = "\"${PODS_ROOT}/Target Support Files/Pods-Unsplash_with_storyboard_tutorial/Pods-Unsplash_with_storyboard_tutorial-frameworks.sh\"\n";
			showEnvVarsInLog = 0;
		};
/* End PBXShellScriptBuildPhase section */

/* Begin PBXSourcesBuildPhase section */
		F002445D29AC8BFF0055B580 /* Sources */ = {
			isa = PBXSourcesBuildPhase;
			buildActionMask = 2147483647;
			files = (
				F002446929AC8BFF0055B580 /* HomeVC.swift in Sources */,
				F002446529AC8BFF0055B580 /* AppDelegate.swift in Sources */,
				F002446729AC8BFF0055B580 /* SceneDelegate.swift in Sources */,
				F002447929AC8E620055B580 /* UserListVC.swift in Sources */,
				F002447B29AC8EA00055B580 /* PhotoCollectionVC.swift in Sources */,
				F002448129B09EA70055B580 /* BaseVC.swift in Sources */,
				F002447F29B09D680055B580 /* Constants.swift in Sources */,
			);
			runOnlyForDeploymentPostprocessing = 0;
		};
/* End PBXSourcesBuildPhase section */

/* Begin PBXVariantGroup section */
		F002446A29AC8BFF0055B580 /* Main.storyboard */ = {
			isa = PBXVariantGroup;
			children = (
				F002446B29AC8BFF0055B580 /* Base */,
			);
			name = Main.storyboard;
			sourceTree = "<group>";
		};
		F002446F29AC8C010055B580 /* LaunchScreen.storyboard */ = {
			isa = PBXVariantGroup;
			children = (
				F002447029AC8C010055B580 /* Base */,
			);
			name = LaunchScreen.storyboard;
			sourceTree = "<group>";
		};
/* End PBXVariantGroup section */

/* Begin XCBuildConfiguration section */
		F002447329AC8C010055B580 /* Debug */ = {
			isa = XCBuildConfiguration;
			buildSettings = {
				ALWAYS_SEARCH_USER_PATHS = NO;
				CLANG_ANALYZER_NONNULL = YES;
				CLANG_ANALYZER_NUMBER_OBJECT_CONVERSION = YES_AGGRESSIVE;
				CLANG_CXX_LANGUAGE_STANDARD = "gnu++20";
				CLANG_ENABLE_MODULES = YES;
				CLANG_ENABLE_OBJC_ARC = YES;
				CLANG_ENABLE_OBJC_WEAK = YES;
				CLANG_WARN_BLOCK_CAPTURE_AUTORELEASING = YES;
				CLANG_WARN_BOOL_CONVERSION = YES;
				CLANG_WARN_COMMA = YES;
				CLANG_WARN_CONSTANT_CONVERSION = YES;
				CLANG_WARN_DEPRECATED_OBJC_IMPLEMENTATIONS = YES;
				CLANG_WARN_DIRECT_OBJC_ISA_USAGE = YES_ERROR;
				CLANG_WARN_DOCUMENTATION_COMMENTS = YES;
				CLANG_WARN_EMPTY_BODY = YES;
				CLANG_WARN_ENUM_CONVERSION = YES;
				CLANG_WARN_INFINITE_RECURSION = YES;
				CLANG_WARN_INT_CONVERSION = YES;
				CLANG_WARN_NON_LITERAL_NULL_CONVERSION = YES;
				CLANG_WARN_OBJC_IMPLICIT_RETAIN_SELF = YES;
				CLANG_WARN_OBJC_LITERAL_CONVERSION = YES;
				CLANG_WARN_OBJC_ROOT_CLASS = YES_ERROR;
				CLANG_WARN_QUOTED_INCLUDE_IN_FRAMEWORK_HEADER = YES;
				CLANG_WARN_RANGE_LOOP_ANALYSIS = YES;
				CLANG_WARN_STRICT_PROTOTYPES = YES;
				CLANG_WARN_SUSPICIOUS_MOVE = YES;
				CLANG_WARN_UNGUARDED_AVAILABILITY = YES_AGGRESSIVE;
				CLANG_WARN_UNREACHABLE_CODE = YES;
				CLANG_WARN__DUPLICATE_METHOD_MATCH = YES;
				COPY_PHASE_STRIP = NO;
				DEBUG_INFORMATION_FORMAT = dwarf;
				ENABLE_STRICT_OBJC_MSGSEND = YES;
				ENABLE_TESTABILITY = YES;
				GCC_C_LANGUAGE_STANDARD = gnu11;
				GCC_DYNAMIC_NO_PIC = NO;
				GCC_NO_COMMON_BLOCKS = YES;
				GCC_OPTIMIZATION_LEVEL = 0;
				GCC_PREPROCESSOR_DEFINITIONS = (
					"DEBUG=1",
					"$(inherited)",
				);
				GCC_WARN_64_TO_32_BIT_CONVERSION = YES;
				GCC_WARN_ABOUT_RETURN_TYPE = YES_ERROR;
				GCC_WARN_UNDECLARED_SELECTOR = YES;
				GCC_WARN_UNINITIALIZED_AUTOS = YES_AGGRESSIVE;
				GCC_WARN_UNUSED_FUNCTION = YES;
				GCC_WARN_UNUSED_VARIABLE = YES;
				IPHONEOS_DEPLOYMENT_TARGET = 16.2;
				MTL_ENABLE_DEBUG_INFO = INCLUDE_SOURCE;
				MTL_FAST_MATH = YES;
				ONLY_ACTIVE_ARCH = YES;
				SDKROOT = iphoneos;
				SWIFT_ACTIVE_COMPILATION_CONDITIONS = DEBUG;
				SWIFT_OPTIMIZATION_LEVEL = "-Onone";
			};
			name = Debug;
		};
		F002447429AC8C010055B580 /* Release */ = {
			isa = XCBuildConfiguration;
			buildSettings = {
				ALWAYS_SEARCH_USER_PATHS = NO;
				CLANG_ANALYZER_NONNULL = YES;
				CLANG_ANALYZER_NUMBER_OBJECT_CONVERSION = YES_AGGRESSIVE;
				CLANG_CXX_LANGUAGE_STANDARD = "gnu++20";
				CLANG_ENABLE_MODULES = YES;
				CLANG_ENABLE_OBJC_ARC = YES;
				CLANG_ENABLE_OBJC_WEAK = YES;
				CLANG_WARN_BLOCK_CAPTURE_AUTORELEASING = YES;
				CLANG_WARN_BOOL_CONVERSION = YES;
				CLANG_WARN_COMMA = YES;
				CLANG_WARN_CONSTANT_CONVERSION = YES;
				CLANG_WARN_DEPRECATED_OBJC_IMPLEMENTATIONS = YES;
				CLANG_WARN_DIRECT_OBJC_ISA_USAGE = YES_ERROR;
				CLANG_WARN_DOCUMENTATION_COMMENTS = YES;
				CLANG_WARN_EMPTY_BODY = YES;
				CLANG_WARN_ENUM_CONVERSION = YES;
				CLANG_WARN_INFINITE_RECURSION = YES;
				CLANG_WARN_INT_CONVERSION = YES;
				CLANG_WARN_NON_LITERAL_NULL_CONVERSION = YES;
				CLANG_WARN_OBJC_IMPLICIT_RETAIN_SELF = YES;
				CLANG_WARN_OBJC_LITERAL_CONVERSION = YES;
				CLANG_WARN_OBJC_ROOT_CLASS = YES_ERROR;
				CLANG_WARN_QUOTED_INCLUDE_IN_FRAMEWORK_HEADER = YES;
				CLANG_WARN_RANGE_LOOP_ANALYSIS = YES;
				CLANG_WARN_STRICT_PROTOTYPES = YES;
				CLANG_WARN_SUSPICIOUS_MOVE = YES;
				CLANG_WARN_UNGUARDED_AVAILABILITY = YES_AGGRESSIVE;
				CLANG_WARN_UNREACHABLE_CODE = YES;
				CLANG_WARN__DUPLICATE_METHOD_MATCH = YES;
				COPY_PHASE_STRIP = NO;
				DEBUG_INFORMATION_FORMAT = "dwarf-with-dsym";
				ENABLE_NS_ASSERTIONS = NO;
				ENABLE_STRICT_OBJC_MSGSEND = YES;
				GCC_C_LANGUAGE_STANDARD = gnu11;
				GCC_NO_COMMON_BLOCKS = YES;
				GCC_WARN_64_TO_32_BIT_CONVERSION = YES;
				GCC_WARN_ABOUT_RETURN_TYPE = YES_ERROR;
				GCC_WARN_UNDECLARED_SELECTOR = YES;
				GCC_WARN_UNINITIALIZED_AUTOS = YES_AGGRESSIVE;
				GCC_WARN_UNUSED_FUNCTION = YES;
				GCC_WARN_UNUSED_VARIABLE = YES;
				IPHONEOS_DEPLOYMENT_TARGET = 16.2;
				MTL_ENABLE_DEBUG_INFO = NO;
				MTL_FAST_MATH = YES;
				SDKROOT = iphoneos;
				SWIFT_COMPILATION_MODE = wholemodule;
				SWIFT_OPTIMIZATION_LEVEL = "-O";
				VALIDATE_PRODUCT = YES;
			};
			name = Release;
		};
		F002447629AC8C010055B580 /* Debug */ = {
			isa = XCBuildConfiguration;
			baseConfigurationReference = 59DABD9554E04B96FF6C513C /* Pods-Unsplash_with_storyboard_tutorial.debug.xcconfig */;
			buildSettings = {
				ASSETCATALOG_COMPILER_APPICON_NAME = AppIcon;
				ASSETCATALOG_COMPILER_GLOBAL_ACCENT_COLOR_NAME = AccentColor;
				CODE_SIGN_STYLE = Automatic;
				CURRENT_PROJECT_VERSION = 1;
				GENERATE_INFOPLIST_FILE = YES;
				INFOPLIST_FILE = Unsplash_with_storyboard_tutorial/Info.plist;
				INFOPLIST_KEY_UIApplicationSupportsIndirectInputEvents = YES;
				INFOPLIST_KEY_UILaunchStoryboardName = LaunchScreen;
				INFOPLIST_KEY_UIMainStoryboardFile = Main;
				INFOPLIST_KEY_UISupportedInterfaceOrientations_iPad = "UIInterfaceOrientationPortrait UIInterfaceOrientationPortraitUpsideDown UIInterfaceOrientationLandscapeLeft UIInterfaceOrientationLandscapeRight";
				INFOPLIST_KEY_UISupportedInterfaceOrientations_iPhone = "UIInterfaceOrientationPortrait UIInterfaceOrientationLandscapeLeft UIInterfaceOrientationLandscapeRight";
				LD_RUNPATH_SEARCH_PATHS = (
					"$(inherited)",
					"@executable_path/Frameworks",
				);
				MARKETING_VERSION = 1.0;
				PRODUCT_BUNDLE_IDENTIFIER = "youngjinson.Unsplash-with-storyboard-tutorial";
				PRODUCT_NAME = "$(TARGET_NAME)";
				SWIFT_EMIT_LOC_STRINGS = YES;
				SWIFT_VERSION = 5.0;
				TARGETED_DEVICE_FAMILY = "1,2";
			};
			name = Debug;
		};
		F002447729AC8C010055B580 /* Release */ = {
			isa = XCBuildConfiguration;
			baseConfigurationReference = E8840F343682446EE6A67107 /* Pods-Unsplash_with_storyboard_tutorial.release.xcconfig */;
			buildSettings = {
				ASSETCATALOG_COMPILER_APPICON_NAME = AppIcon;
				ASSETCATALOG_COMPILER_GLOBAL_ACCENT_COLOR_NAME = AccentColor;
				CODE_SIGN_STYLE = Automatic;
				CURRENT_PROJECT_VERSION = 1;
				GENERATE_INFOPLIST_FILE = YES;
				INFOPLIST_FILE = Unsplash_with_storyboard_tutorial/Info.plist;
				INFOPLIST_KEY_UIApplicationSupportsIndirectInputEvents = YES;
				INFOPLIST_KEY_UILaunchStoryboardName = LaunchScreen;
				INFOPLIST_KEY_UIMainStoryboardFile = Main;
				INFOPLIST_KEY_UISupportedInterfaceOrientations_iPad = "UIInterfaceOrientationPortrait UIInterfaceOrientationPortraitUpsideDown UIInterfaceOrientationLandscapeLeft UIInterfaceOrientationLandscapeRight";
				INFOPLIST_KEY_UISupportedInterfaceOrientations_iPhone = "UIInterfaceOrientationPortrait UIInterfaceOrientationLandscapeLeft UIInterfaceOrientationLandscapeRight";
				LD_RUNPATH_SEARCH_PATHS = (
					"$(inherited)",
					"@executable_path/Frameworks",
				);
				MARKETING_VERSION = 1.0;
				PRODUCT_BUNDLE_IDENTIFIER = "youngjinson.Unsplash-with-storyboard-tutorial";
				PRODUCT_NAME = "$(TARGET_NAME)";
				SWIFT_EMIT_LOC_STRINGS = YES;
				SWIFT_VERSION = 5.0;
				TARGETED_DEVICE_FAMILY = "1,2";
			};
			name = Release;
		};
/* End XCBuildConfiguration section */

/* Begin XCConfigurationList section */
		F002445C29AC8BFF0055B580 /* Build configuration list for PBXProject "Unsplash_with_storyboard_tutorial" */ = {
			isa = XCConfigurationList;
			buildConfigurations = (
				F002447329AC8C010055B580 /* Debug */,
				F002447429AC8C010055B580 /* Release */,
			);
			defaultConfigurationIsVisible = 0;
			defaultConfigurationName = Release;
		};
		F002447529AC8C010055B580 /* Build configuration list for PBXNativeTarget "Unsplash_with_storyboard_tutorial" */ = {
			isa = XCConfigurationList;
			buildConfigurations = (
				F002447629AC8C010055B580 /* Debug */,
				F002447729AC8C010055B580 /* Release */,
			);
			defaultConfigurationIsVisible = 0;
			defaultConfigurationName = Release;
		};
/* End XCConfigurationList section */
	};
	rootObject = F002445929AC8BFF0055B580 /* Project object */;
}
